{
	"name": "youtumate",
	"version": "0.0.0",
	"lockfileVersion": 3,
	"requires": true,
	"packages": {
		"": {
			"name": "youtumate",
			"version": "0.0.0",
			"dependencies": {
				"@primevue/forms": "^4.5.5",
				"@primevue/themes": "^4.5.4",
				"appwrite": "^26.0.0",
				"pinia": "^3.0.4",
				"pinia-plugin-persistedstate": "^4.7.1",
				"primeicons": "^7.0.0",
				"primevue": "^4.5.5",
				"vue": "^3.5.34",
				"vue-router": "4"
			},
			"devDependencies": {
				"@biomejs/biome": "^2.5.0",
				"@vitejs/plugin-vue": "^6.0.6",
				"electron": "^42.4.0",
				"vite": "^8.0.12",
				"vite-plugin-electron": "^1.0.4",
				"vite-plugin-electron-renderer": "^1.0.0"
			}
		},
		"node_modules/@babel/helper-string-parser": {
			"version": "7.29.7",
			"license": "MIT",
			"engines": {
				"node": ">=6.9.0"
			}
		},
		"node_modules/@babel/helper-validator-identifier": {
			"version": "7.29.7",
			"license": "MIT",
			"engines": {
				"node": ">=6.9.0"
			}
		},
		"node_modules/@babel/parser": {
			"version": "7.29.7",
			"license": "MIT",
			"dependencies": {
				"@babel/types": "^7.29.7"
			},
			"bin": {
				"parser": "bin/babel-parser.js"
			},
			"engines": {
				"node": ">=6.0.0"
			}
		},
		"node_modules/@babel/types": {
			"version": "7.29.7",
			"license": "MIT",
			"dependencies": {
				"@babel/helper-string-parser": "^7.29.7",
				"@babel/helper-validator-identifier": "^7.29.7"
			},
			"engines": {
				"node": ">=6.9.0"
			}
		},
		"node_modules/@biomejs/biome": {
			"version": "2.5.0",
			"dev": true,
			"license": "MIT OR Apache-2.0",
			"bin": {
				"biome": "bin/biome"
			},
			"engines": {
				"node": ">=14.21.3"
			},
			"funding": {
				"type": "opencollective",
				"url": "https://opencollective.com/biome"
			},
			"optionalDependencies": {
				"@biomejs/cli-darwin-arm64": "2.5.0",
				"@biomejs/cli-darwin-x64": "2.5.0",
				"@biomejs/cli-linux-arm64": "2.5.0",
				"@biomejs/cli-linux-arm64-musl": "2.5.0",
				"@biomejs/cli-linux-x64": "2.5.0",
				"@biomejs/cli-linux-x64-musl": "2.5.0",
				"@biomejs/cli-win32-arm64": "2.5.0",
				"@biomejs/cli-win32-x64": "2.5.0"
			}
		},
		"node_modules/@biomejs/cli-darwin-arm64": {
			"version": "2.5.0",
			"cpu": [
				"arm64"
			],
			"dev": true,
			"license": "MIT OR Apache-2.0",
			"optional": true,
			"os": [
				"darwin"
			],
			"engines": {
				"node": ">=14.21.3"
			}
		},
		"node_modules/@electron-internal/extract-zip": {
			"version": "1.0.3",
			"dev": true,
			"license": "BSD-2-Clause",
			"engines": {
				"node": ">=22.12.0"
			}
		},
		"node_modules/@electron/get": {
			"version": "5.0.0",
			"dev": true,
			"license": "MIT",
			"dependencies": {
				"debug": "^4.1.1",
				"env-paths": "^3.0.0",
				"graceful-fs": "^4.2.11",
				"progress": "^2.0.3",
				"semver": "^7.6.3",
				"sumchecker": "^3.0.1"
			},
			"engines": {
				"node": ">=22.12.0"
			},
			"optionalDependencies": {
				"undici": "^7.24.4"
			}
		},
		"node_modules/@jridgewell/sourcemap-codec": {
			"version": "1.5.5",
			"license": "MIT"
		},
		"node_modules/@oxc-project/types": {
			"version": "0.133.0",
			"dev": true,
			"license": "MIT",
			"funding": {
				"url": "https://github.com/sponsors/Boshen"
			}
		},
		"node_modules/@primeuix/forms": {
			"version": "0.1.0",
			"license": "MIT",
			"dependencies": {
				"@primeuix/utils": "^0.6.0"
			},
			"engines": {
				"node": ">=12.11.0"
			}
		},
		"node_modules/@primeuix/styled": {
			"version": "0.7.4",
			"license": "MIT",
			"dependencies": {
				"@primeuix/utils": "^0.6.1"
			},
			"engines": {
				"node": ">=12.11.0"
			}
		},
		"node_modules/@primeuix/styles": {
			"version": "2.0.3",
			"license": "MIT",
			"dependencies": {
				"@primeuix/styled": "^0.7.4"
			}
		},
		"node_modules/@primeuix/themes": {
			"version": "2.0.3",
			"license": "MIT",
			"dependencies": {
				"@primeuix/styled": "^0.7.4"
			}
		},
		"node_modules/@primeuix/utils": {
			"version": "0.6.4",
			"license": "MIT",
			"engines": {
				"node": ">=12.11.0"
			}
		},
		"node_modules/@primevue/core": {
			"version": "4.5.5",
			"license": "MIT",
			"dependencies": {
				"@primeuix/styled": "^0.7.4",
				"@primeuix/utils": "^0.6.2"
			},
			"engines": {
				"node": ">=12.11.0"
			},
			"peerDependencies": {
				"vue": "^3.5.0"
			}
		},
		"node_modules/@primevue/forms": {
			"version": "4.5.5",
			"license": "MIT",
			"dependencies": {
				"@primeuix/forms": "^0.1.0",
				"@primeuix/utils": "^0.6.2",
				"@primevue/core": "4.5.5"
			},
			"engines": {
				"node": ">=12.11.0"
			}
		},
		"node_modules/@primevue/icons": {
			"version": "4.5.5",
			"license": "MIT",
			"dependencies": {
				"@primeuix/utils": "^0.6.2",
				"@primevue/core": "4.5.5"
			},
			"engines": {
				"node": ">=12.11.0"
			}
		},
		"node_modules/@primevue/themes": {
			"version": "4.5.4",
			"license": "MIT",
			"dependencies": {
				"@primeuix/styled": "^0.7.4",
				"@primeuix/themes": "^2.0.2"
			},
			"engines": {
				"node": ">=12.11.0"
			}
		},
		"node_modules/@rolldown/binding-darwin-arm64": {
			"version": "1.0.3",
			"cpu": [
				"arm64"
			],
			"dev": true,
			"license": "MIT",
			"optional": true,
			"os": [
				"darwin"
			],
			"engines": {
				"node": "^20.19.0 || >=22.12.0"
			}
		},
		"node_modules/@rolldown/pluginutils": {
			"version": "1.0.1",
			"dev": true,
			"license": "MIT"
		},
		"node_modules/@types/node": {
			"version": "24.13.2",
			"dev": true,
			"license": "MIT",
			"dependencies": {
				"undici-types": "~7.18.0"
			}
		},
		"node_modules/@vitejs/plugin-vue": {
			"version": "6.0.7",
			"dev": true,
			"license": "MIT",
			"dependencies": {
				"@rolldown/pluginutils": "^1.0.1"
			},
			"engines": {
				"node": "^20.19.0 || >=22.12.0"
			},
			"peerDependencies": {
				"vite": "^5.0.0 || ^6.0.0 || ^7.0.0 || ^8.0.0",
				"vue": "^3.2.25"
			}
		},
		"node_modules/@vue/compiler-core": {
			"version": "3.5.38",
			"license": "MIT",
			"dependencies": {
				"@babel/parser": "^7.29.7",
				"@vue/shared": "3.5.38",
				"entities": "^7.0.1",
				"estree-walker": "^2.0.2",
				"source-map-js": "^1.2.1"
			}
		},
		"node_modules/@vue/compiler-dom": {
			"version": "3.5.38",
			"license": "MIT",
			"dependencies": {
				"@vue/compiler-core": "3.5.38",
				"@vue/shared": "3.5.38"
			}
		},
		"node_modules/@vue/compiler-sfc": {
			"version": "3.5.38",
			"license": "MIT",
			"dependencies": {
				"@babel/parser": "^7.29.7",
				"@vue/compiler-core": "3.5.38",
				"@vue/compiler-dom": "3.5.38",
				"@vue/compiler-ssr": "3.5.38",
				"@vue/shared": "3.5.38",
				"estree-walker": "^2.0.2",
				"magic-string": "^0.30.21",
				"postcss": "^8.5.15",
				"source-map-js": "^1.2.1"
			}
		},
		"node_modules/@vue/compiler-ssr": {
			"version": "3.5.38",
			"license": "MIT",
			"dependencies": {
				"@vue/compiler-dom": "3.5.38",
				"@vue/shared": "3.5.38"
			}
		},
		"node_modules/@vue/devtools-api": {
			"version": "6.6.4",
			"license": "MIT"
		},
		"node_modules/@vue/devtools-kit": {
			"version": "7.7.9",
			"resolved": "https://registry.npmjs.org/@vue/devtools-kit/-/devtools-kit-7.7.9.tgz",
			"integrity": "sha512-PyQ6odHSgiDVd4hnTP+aDk2X4gl2HmLDfiyEnn3/oV+ckFDuswRs4IbBT7vacMuGdwY/XemxBoh302ctbsptuA==",
			"license": "MIT",
			"dependencies": {
				"@vue/devtools-shared": "^7.7.9",
				"birpc": "^2.3.0",
				"hookable": "^5.5.3",
				"mitt": "^3.0.1",
				"perfect-debounce": "^1.0.0",
				"speakingurl": "^14.0.1",
				"superjson": "^2.2.2"
			}
		},
		"node_modules/@vue/devtools-shared": {
			"version": "7.7.9",
			"resolved": "https://registry.npmjs.org/@vue/devtools-shared/-/devtools-shared-7.7.9.tgz",
			"integrity": "sha512-iWAb0v2WYf0QWmxCGy0seZNDPdO3Sp5+u78ORnyeonS6MT4PC7VPrryX2BpMJrwlDeaZ6BD4vP4XKjK0SZqaeA==",
			"license": "MIT",
			"dependencies": {
				"rfdc": "^1.4.1"
			}
		},
		"node_modules/@vue/reactivity": {
			"version": "3.5.38",
			"license": "MIT",
			"dependencies": {
				"@vue/shared": "3.5.38"
			}
		},
		"node_modules/@vue/runtime-core": {
			"version": "3.5.38",
			"license": "MIT",
			"dependencies": {
				"@vue/reactivity": "3.5.38",
				"@vue/shared": "3.5.38"
			}
		},
		"node_modules/@vue/runtime-dom": {
			"version": "3.5.38",
			"license": "MIT",
			"dependencies": {
				"@vue/reactivity": "3.5.38",
				"@vue/runtime-core": "3.5.38",
				"@vue/shared": "3.5.38",
				"csstype": "^3.2.3"
			}
		},
		"node_modules/@vue/server-renderer": {
			"version": "3.5.38",
			"license": "MIT",
			"dependencies": {
				"@vue/compiler-ssr": "3.5.38",
				"@vue/shared": "3.5.38"
			},
			"peerDependencies": {
				"vue": "3.5.38"
			}
		},
		"node_modules/@vue/shared": {
			"version": "3.5.38",
			"license": "MIT"
		},
		"node_modules/acorn": {
			"version": "8.17.0",
			"dev": true,
			"license": "MIT",
			"bin": {
				"acorn": "bin/acorn"
			},
			"engines": {
				"node": ">=0.4.0"
			}
		},
		"node_modules/appwrite": {
			"version": "26.0.0",
			"license": "BSD-3-Clause",
			"dependencies": {
				"json-bigint": "1.0.0"
			},
			"engines": {
				"node": ">=18.0.0"
			}
		},
		"node_modules/bignumber.js": {
			"version": "9.3.1",
			"license": "MIT",
			"engines": {
				"node": "*"
			}
		},
		"node_modules/birpc": {
			"version": "2.9.0",
			"resolved": "https://registry.npmjs.org/birpc/-/birpc-2.9.0.tgz",
			"integrity": "sha512-KrayHS5pBi69Xi9JmvoqrIgYGDkD6mcSe/i6YKi3w5kekCLzrX4+nawcXqrj2tIp50Kw/mT/s3p+GVK0A0sKxw==",
			"license": "MIT",
			"funding": {
				"url": "https://github.com/sponsors/antfu"
			}
		},
		"node_modules/confbox": {
			"version": "0.2.4",
			"dev": true,
			"license": "MIT"
		},
		"node_modules/copy-anything": {
			"version": "4.0.5",
			"resolved": "https://registry.npmjs.org/copy-anything/-/copy-anything-4.0.5.tgz",
			"integrity": "sha512-7Vv6asjS4gMOuILabD3l739tsaxFQmC+a7pLZm02zyvs8p977bL3zEgq3yDk5rn9B0PbYgIv++jmHcuUab4RhA==",
			"license": "MIT",
			"dependencies": {
				"is-what": "^5.2.0"
			},
			"engines": {
				"node": ">=18"
			},
			"funding": {
				"url": "https://github.com/sponsors/mesqueeb"
			}
		},
		"node_modules/csstype": {
			"version": "3.2.3",
			"license": "MIT"
		},
		"node_modules/debug": {
			"version": "4.4.3",
			"dev": true,
			"license": "MIT",
			"dependencies": {
				"ms": "^2.1.3"
			},
			"engines": {
				"node": ">=6.0"
			},
			"peerDependenciesMeta": {
				"supports-color": {
					"optional": true
				}
			}
		},
		"node_modules/defu": {
			"version": "6.1.7",
			"resolved": "https://registry.npmjs.org/defu/-/defu-6.1.7.tgz",
			"integrity": "sha512-7z22QmUWiQ/2d0KkdYmANbRUVABpZ9SNYyH5vx6PZ+nE5bcC0l7uFvEfHlyld/HcGBFTL536ClDt3DEcSlEJAQ==",
			"license": "MIT"
		},
		"node_modules/detect-libc": {
			"version": "2.1.2",
			"dev": true,
			"license": "Apache-2.0",
			"engines": {
				"node": ">=8"
			}
		},
		"node_modules/electron": {
			"version": "42.4.0",
			"dev": true,
			"license": "MIT",
			"dependencies": {
				"@electron-internal/extract-zip": "^1.0.1",
				"@electron/get": "^5.0.0",
				"@types/node": "^24.9.0"
			},
			"bin": {
				"electron": "cli.js",
				"install-electron": "install.js"
			},
			"engines": {
				"node": ">= 22.12.0"
			}
		},
		"node_modules/entities": {
			"version": "7.0.1",
			"license": "BSD-2-Clause",
			"engines": {
				"node": ">=0.12"
			},
			"funding": {
				"url": "https://github.com/fb55/entities?sponsor=1"
			}
		},
		"node_modules/env-paths": {
			"version": "3.0.0",
			"dev": true,
			"license": "MIT",
			"engines": {
				"node": "^12.20.0 || ^14.13.1 || >=16.0.0"
			},
			"funding": {
				"url": "https://github.com/sponsors/sindresorhus"
			}
		},
		"node_modules/estree-walker": {
			"version": "2.0.2",
			"license": "MIT"
		},
		"node_modules/exsolve": {
			"version": "1.0.8",
			"dev": true,
			"license": "MIT"
		},
		"node_modules/fdir": {
			"version": "6.5.0",
			"dev": true,
			"license": "MIT",
			"engines": {
				"node": ">=12.0.0"
			},
			"peerDependencies": {
				"picomatch": "^3 || ^4"
			},
			"peerDependenciesMeta": {
				"picomatch": {
					"optional": true
				}
			}
		},
		"node_modules/fsevents": {
			"version": "2.3.3",
			"dev": true,
			"license": "MIT",
			"optional": true,
			"os": [
				"darwin"
			],
			"engines": {
				"node": "^8.16.0 || ^10.6.0 || >=11.0.0"
			}
		},
		"node_modules/graceful-fs": {
			"version": "4.2.11",
			"dev": true,
			"license": "ISC"
		},
		"node_modules/hookable": {
			"version": "5.5.3",
			"resolved": "https://registry.npmjs.org/hookable/-/hookable-5.5.3.tgz",
			"integrity": "sha512-Yc+BQe8SvoXH1643Qez1zqLRmbA5rCL+sSmk6TVos0LWVfNIB7PGncdlId77WzLGSIB5KaWgTaNTs2lNVEI6VQ==",
			"license": "MIT"
		},
		"node_modules/is-what": {
			"version": "5.5.0",
			"resolved": "https://registry.npmjs.org/is-what/-/is-what-5.5.0.tgz",
			"integrity": "sha512-oG7cgbmg5kLYae2N5IVd3jm2s+vldjxJzK1pcu9LfpGuQ93MQSzo0okvRna+7y5ifrD+20FE8FvjusyGaz14fw==",
			"license": "MIT",
			"engines": {
				"node": ">=18"
			},
			"funding": {
				"url": "https://github.com/sponsors/mesqueeb"
			}
		},
		"node_modules/json-bigint": {
			"version": "1.0.0",
			"license": "MIT",
			"dependencies": {
				"bignumber.js": "^9.0.0"
			}
		},
		"node_modules/lightningcss": {
			"version": "1.32.0",
			"dev": true,
			"license": "MPL-2.0",
			"dependencies": {
				"detect-libc": "^2.0.3"
			},
			"engines": {
				"node": ">= 12.0.0"
			},
			"funding": {
				"type": "opencollective",
				"url": "https://opencollective.com/parcel"
			},
			"optionalDependencies": {
				"lightningcss-android-arm64": "1.32.0",
				"lightningcss-darwin-arm64": "1.32.0",
				"lightningcss-darwin-x64": "1.32.0",
				"lightningcss-freebsd-x64": "1.32.0",
				"lightningcss-linux-arm-gnueabihf": "1.32.0",
				"lightningcss-linux-arm64-gnu": "1.32.0",
				"lightningcss-linux-arm64-musl": "1.32.0",
				"lightningcss-linux-x64-gnu": "1.32.0",
				"lightningcss-linux-x64-musl": "1.32.0",
				"lightningcss-win32-arm64-msvc": "1.32.0",
				"lightningcss-win32-x64-msvc": "1.32.0"
			}
		},
		"node_modules/lightningcss-darwin-arm64": {
			"version": "1.32.0",
			"cpu": [
				"arm64"
			],
			"dev": true,
			"license": "MPL-2.0",
			"optional": true,
			"os": [
				"darwin"
			],
			"engines": {
				"node": ">= 12.0.0"
			},
			"funding": {
				"type": "opencollective",
				"url": "https://opencollective.com/parcel"
			}
		},
		"node_modules/local-pkg": {
			"version": "1.2.1",
			"dev": true,
			"license": "MIT",
			"dependencies": {
				"mlly": "^1.7.4",
				"pkg-types": "^2.3.0",
				"quansync": "^0.2.11"
			},
			"engines": {
				"node": ">=14"
			},
			"funding": {
				"url": "https://github.com/sponsors/antfu"
			}
		},
		"node_modules/magic-string": {
			"version": "0.30.21",
			"license": "MIT",
			"dependencies": {
				"@jridgewell/sourcemap-codec": "^1.5.5"
			}
		},
		"node_modules/mitt": {
			"version": "3.0.1",
			"resolved": "https://registry.npmjs.org/mitt/-/mitt-3.0.1.tgz",
			"integrity": "sha512-vKivATfr97l2/QBCYAkXYDbrIWPM2IIKEl7YPhjCvKlG3kE2gm+uBo6nEXK3M5/Ffh/FLpKExzOQ3JJoJGFKBw==",
			"license": "MIT"
		},
		"node_modules/mlly": {
			"version": "1.8.2",
			"dev": true,
			"license": "MIT",
			"dependencies": {
				"acorn": "^8.16.0",
				"pathe": "^2.0.3",
				"pkg-types": "^1.3.1",
				"ufo": "^1.6.3"
			}
		},
		"node_modules/mlly/node_modules/pkg-types": {
			"version": "1.3.1",
			"dev": true,
			"license": "MIT",
			"dependencies": {
				"confbox": "^0.1.8",
				"mlly": "^1.7.4",
				"pathe": "^2.0.1"
			}
		},
		"node_modules/mlly/node_modules/pkg-types/node_modules/confbox": {
			"version": "0.1.8",
			"dev": true,
			"license": "MIT"
		},
		"node_modules/ms": {
			"version": "2.1.3",
			"dev": true,
			"license": "MIT"
		},
		"node_modules/nanoid": {
			"version": "3.3.12",
			"funding": [
				{
					"type": "github",
					"url": "https://github.com/sponsors/ai"
				}
			],
			"license": "MIT",
			"bin": {
				"nanoid": "bin/nanoid.cjs"
			},
			"engines": {
				"node": "^10 || ^12 || ^13.7 || ^14 || >=15.0.1"
			}
		},
		"node_modules/pathe": {
			"version": "2.0.3",
			"dev": true,
			"license": "MIT"
		},
		"node_modules/perfect-debounce": {
			"version": "1.0.0",
			"resolved": "https://registry.npmjs.org/perfect-debounce/-/perfect-debounce-1.0.0.tgz",
			"integrity": "sha512-xCy9V055GLEqoFaHoC1SoLIaLmWctgCUaBaWxDZ7/Zx4CTyX7cJQLJOok/orfjZAh9kEYpjJa4d0KcJmCbctZA==",
			"license": "MIT"
		},
		"node_modules/picocolors": {
			"version": "1.1.1",
			"license": "ISC"
		},
		"node_modules/picomatch": {
			"version": "4.0.4",
			"dev": true,
			"license": "MIT",
			"engines": {
				"node": ">=12"
			},
			"funding": {
				"url": "https://github.com/sponsors/jonschlinkert"
			}
		},
		"node_modules/pinia": {
			"version": "3.0.4",
			"resolved": "https://registry.npmjs.org/pinia/-/pinia-3.0.4.tgz",
			"integrity": "sha512-l7pqLUFTI/+ESXn6k3nu30ZIzW5E2WZF/LaHJEpoq6ElcLD+wduZoB2kBN19du6K/4FDpPMazY2wJr+IndBtQw==",
			"license": "MIT",
			"dependencies": {
				"@vue/devtools-api": "^7.7.7"
			},
			"funding": {
				"url": "https://github.com/sponsors/posva"
			},
			"peerDependencies": {
				"typescript": ">=4.5.0",
				"vue": "^3.5.11"
			},
			"peerDependenciesMeta": {
				"typescript": {
					"optional": true
				}
			}
		},
		"node_modules/pinia-plugin-persistedstate": {
			"version": "4.7.1",
			"resolved": "https://registry.npmjs.org/pinia-plugin-persistedstate/-/pinia-plugin-persistedstate-4.7.1.tgz",
			"integrity": "sha512-WHOqh2esDlR3eAaknPbqXrkkj0D24h8shrDPqysgCFR6ghqP/fpFfJmMPJp0gETHsvrh9YNNg6dQfo2OEtDnIQ==",
			"license": "MIT",
			"dependencies": {
				"defu": "^6.1.4"
			},
			"peerDependencies": {
				"@nuxt/kit": ">=3.0.0",
				"@pinia/nuxt": ">=0.10.0",
				"pinia": ">=3.0.0"
			},
			"peerDependenciesMeta": {
				"@nuxt/kit": {
					"optional": true
				},
				"@pinia/nuxt": {
					"optional": true
				},
				"pinia": {
					"optional": true
				}
			}
		},
		"node_modules/pinia/node_modules/@vue/devtools-api": {
			"version": "7.7.9",
			"resolved": "https://registry.npmjs.org/@vue/devtools-api/-/devtools-api-7.7.9.tgz",
			"integrity": "sha512-kIE8wvwlcZ6TJTbNeU2HQNtaxLx3a84aotTITUuL/4bzfPxzajGBOoqjMhwZJ8L9qFYDU/lAYMEEm11dnZOD6g==",
			"license": "MIT",
			"dependencies": {
				"@vue/devtools-kit": "^7.7.9"
			}
		},
		"node_modules/pkg-types": {
			"version": "2.3.1",
			"dev": true,
			"license": "MIT",
			"dependencies": {
				"confbox": "^0.2.4",
				"exsolve": "^1.0.8",
				"pathe": "^2.0.3"
			}
		},
		"node_modules/postcss": {
			"version": "8.5.15",
			"funding": [
				{
					"type": "opencollective",
					"url": "https://opencollective.com/postcss/"
				},
				{
					"type": "tidelift",
					"url": "https://tidelift.com/funding/github/npm/postcss"
				},
				{
					"type": "github",
					"url": "https://github.com/sponsors/ai"
				}
			],
			"license": "MIT",
			"dependencies": {
				"nanoid": "^3.3.12",
				"picocolors": "^1.1.1",
				"source-map-js": "^1.2.1"
			},
			"engines": {
				"node": "^10 || ^12 || >=14"
			}
		},
		"node_modules/primeicons": {
			"version": "7.0.0",
			"license": "MIT"
		},
		"node_modules/primevue": {
			"version": "4.5.5",
			"license": "MIT",
			"dependencies": {
				"@primeuix/styled": "^0.7.4",
				"@primeuix/styles": "^2.0.3",
				"@primeuix/utils": "^0.6.2",
				"@primevue/core": "4.5.5",
				"@primevue/icons": "4.5.5"
			},
			"engines": {
				"node": ">=12.11.0"
			}
		},
		"node_modules/progress": {
			"version": "2.0.3",
			"dev": true,
			"license": "MIT",
			"engines": {
				"node": ">=0.4.0"
			}
		},
		"node_modules/quansync": {
			"version": "0.2.11",
			"dev": true,
			"funding": [
				{
					"type": "individual",
					"url": "https://github.com/sponsors/antfu"
				},
				{
					"type": "individual",
					"url": "https://github.com/sponsors/sxzz"
				}
			],
			"license": "MIT"
		},
		"node_modules/rfdc": {
			"version": "1.4.1",
			"resolved": "https://registry.npmjs.org/rfdc/-/rfdc-1.4.1.tgz",
			"integrity": "sha512-q1b3N5QkRUWUl7iyylaaj3kOpIT0N2i9MqIEQXP73GVsN9cw3fdx8X63cEmWhJGi2PPCF23Ijp7ktmd39rawIA==",
			"license": "MIT"
		},
		"node_modules/rolldown": {
			"version": "1.0.3",
			"dev": true,
			"license": "MIT",
			"dependencies": {
				"@oxc-project/types": "=0.133.0",
				"@rolldown/pluginutils": "^1.0.0"
			},
			"bin": {
				"rolldown": "bin/cli.mjs"
			},
			"engines": {
				"node": "^20.19.0 || >=22.12.0"
			},
			"optionalDependencies": {
				"@rolldown/binding-android-arm64": "1.0.3",
				"@rolldown/binding-darwin-arm64": "1.0.3",
				"@rolldown/binding-darwin-x64": "1.0.3",
				"@rolldown/binding-freebsd-x64": "1.0.3",
				"@rolldown/binding-linux-arm-gnueabihf": "1.0.3",
				"@rolldown/binding-linux-arm64-gnu": "1.0.3",
				"@rolldown/binding-linux-arm64-musl": "1.0.3",
				"@rolldown/binding-linux-ppc64-gnu": "1.0.3",
				"@rolldown/binding-linux-s390x-gnu": "1.0.3",
				"@rolldown/binding-linux-x64-gnu": "1.0.3",
				"@rolldown/binding-linux-x64-musl": "1.0.3",
				"@rolldown/binding-openharmony-arm64": "1.0.3",
				"@rolldown/binding-wasm32-wasi": "1.0.3",
				"@rolldown/binding-win32-arm64-msvc": "1.0.3",
				"@rolldown/binding-win32-x64-msvc": "1.0.3"
			}
		},
		"node_modules/semver": {
			"version": "7.8.4",
			"dev": true,
			"license": "ISC",
			"bin": {
				"semver": "bin/semver.js"
			},
			"engines": {
				"node": ">=10"
			}
		},
		"node_modules/source-map-js": {
			"version": "1.2.1",
			"license": "BSD-3-Clause",
			"engines": {
				"node": ">=0.10.0"
			}
		},
		"node_modules/speakingurl": {
			"version": "14.0.1",
			"resolved": "https://registry.npmjs.org/speakingurl/-/speakingurl-14.0.1.tgz",
			"integrity": "sha512-1POYv7uv2gXoyGFpBCmpDVSNV74IfsWlDW216UPjbWufNf+bSU6GdbDsxdcxtfwb4xlI3yxzOTKClUosxARYrQ==",
			"license": "BSD-3-Clause",
			"engines": {
				"node": ">=0.10.0"
			}
		},
		"node_modules/sumchecker": {
			"version": "3.0.1",
			"dev": true,
			"license": "Apache-2.0",
			"dependencies": {
				"debug": "^4.1.0"
			},
			"engines": {
				"node": ">= 8.0"
			}
		},
		"node_modules/superjson": {
			"version": "2.2.6",
			"resolved": "https://registry.npmjs.org/superjson/-/superjson-2.2.6.tgz",
			"integrity": "sha512-H+ue8Zo4vJmV2nRjpx86P35lzwDT3nItnIsocgumgr0hHMQ+ZGq5vrERg9kJBo5AWGmxZDhzDo+WVIJqkB0cGA==",
			"license": "MIT",
			"dependencies": {
				"copy-anything": "^4"
			},
			"engines": {
				"node": ">=16"
			}
		},
		"node_modules/tinyglobby": {
			"version": "0.2.17",
			"dev": true,
			"license": "MIT",
			"dependencies": {
				"fdir": "^6.5.0",
				"picomatch": "^4.0.4"
			},
			"engines": {
				"node": ">=12.0.0"
			},
			"funding": {
				"url": "https://github.com/sponsors/SuperchupuDev"
			}
		},
		"node_modules/ufo": {
			"version": "1.6.4",
			"dev": true,
			"license": "MIT"
		},
		"node_modules/undici": {
			"version": "7.28.0",
			"dev": true,
			"license": "MIT",
			"optional": true,
			"engines": {
				"node": ">=20.18.1"
			}
		},
		"node_modules/undici-types": {
			"version": "7.18.2",
			"dev": true,
			"license": "MIT"
		},
		"node_modules/vite": {
			"version": "8.0.16",
			"dev": true,
			"license": "MIT",
			"dependencies": {
				"lightningcss": "^1.32.0",
				"picomatch": "^4.0.4",
				"postcss": "^8.5.15",
				"rolldown": "1.0.3",
				"tinyglobby": "^0.2.17"
			},
			"bin": {
				"vite": "bin/vite.js"
			},
			"engines": {
				"node": "^20.19.0 || >=22.12.0"
			},
			"funding": {
				"url": "https://github.com/vitejs/vite?sponsor=1"
			},
			"optionalDependencies": {
				"fsevents": "~2.3.3"
			},
			"peerDependencies": {
				"@types/node": "^20.19.0 || >=22.12.0",
				"@vitejs/devtools": "^0.1.18",
				"esbuild": "^0.27.0 || ^0.28.0",
				"jiti": ">=1.21.0",
				"less": "^4.0.0",
				"sass": "^1.70.0",
				"sass-embedded": "^1.70.0",
				"stylus": ">=0.54.8",
				"sugarss": "^5.0.0",
				"terser": "^5.16.0",
				"tsx": "^4.8.1",
				"yaml": "^2.4.2"
			},
			"peerDependenciesMeta": {
				"@types/node": {
					"optional": true
				},
				"@vitejs/devtools": {
					"optional": true
				},
				"esbuild": {
					"optional": true
				},
				"jiti": {
					"optional": true
				},
				"less": {
					"optional": true
				},
				"sass": {
					"optional": true
				},
				"sass-embedded": {
					"optional": true
				},
				"stylus": {
					"optional": true
				},
				"sugarss": {
					"optional": true
				},
				"terser": {
					"optional": true
				},
				"tsx": {
					"optional": true
				},
				"yaml": {
					"optional": true
				}
			}
		},
		"node_modules/vite-plugin-electron": {
			"version": "1.0.4",
			"dev": true,
			"license": "MIT",
			"dependencies": {
				"local-pkg": "^1.2.1"
			},
			"peerDependencies": {
				"vite-plugin-electron-renderer": "*"
			},
			"peerDependenciesMeta": {
				"vite-plugin-electron-renderer": {
					"optional": true
				}
			}
		},
		"node_modules/vite-plugin-electron-renderer": {
			"version": "1.0.0",
			"dev": true,
			"license": "MIT"
		},
		"node_modules/vue": {
			"version": "3.5.38",
			"license": "MIT",
			"dependencies": {
				"@vue/compiler-dom": "3.5.38",
				"@vue/compiler-sfc": "3.5.38",
				"@vue/runtime-dom": "3.5.38",
				"@vue/server-renderer": "3.5.38",
				"@vue/shared": "3.5.38"
			},
			"peerDependencies": {
				"typescript": "*"
			},
			"peerDependenciesMeta": {
				"typescript": {
					"optional": true
				}
			}
		},
		"node_modules/vue-router": {
			"version": "4.6.4",
			"license": "MIT",
			"dependencies": {
				"@vue/devtools-api": "^6.6.4"
			},
			"funding": {
				"url": "https://github.com/sponsors/posva"
			},
			"peerDependencies": {
				"vue": "^3.5.0"
			}
		}
	}
}
